// !$*UTF8*$!
{
	archiveVersion = 1;
	classes = {
	};
	objectVersion = 50;
	objects = {

/* Begin PBXBuildFile section */
		D02D7C9220DF2C8100F0F44D /* clipboard.png in Resources */ = {isa = PBXBuildFile; fileRef = D02D7C9120DF2C8100F0F44D /* clipboard.png */; };
		D02D7C9620DF37BD00F0F44D /* Item.swift in Sources */ = {isa = PBXBuildFile; fileRef = D02D7C9520DF37BD00F0F44D /* Item.swift */; };
		D02D7C9820DF37C500F0F44D /* Category.swift in Sources */ = {isa = PBXBuildFile; fileRef = D02D7C9720DF37C500F0F44D /* Category.swift */; };
		D0E3C7C120D73E2600314FF9 /* AppDelegate.swift in Sources */ = {isa = PBXBuildFile; fileRef = D0E3C7C020D73E2600314FF9 /* AppDelegate.swift */; };
		D0E3C7C320D73E2600314FF9 /* TodoListViewController.swift in Sources */ = {isa = PBXBuildFile; fileRef = D0E3C7C220D73E2600314FF9 /* TodoListViewController.swift */; };
		D0E3C7C620D73E2600314FF9 /* Main.storyboard in Resources */ = {isa = PBXBuildFile; fileRef = D0E3C7C420D73E2600314FF9 /* Main.storyboard */; };
		D0E3C7C820D73E2A00314FF9 /* Assets.xcassets in Resources */ = {isa = PBXBuildFile; fileRef = D0E3C7C720D73E2A00314FF9 /* Assets.xcassets */; };
		D0E3C7CB20D73E2A00314FF9 /* LaunchScreen.storyboard in Resources */ = {isa = PBXBuildFile; fileRef = D0E3C7C920D73E2A00314FF9 /* LaunchScreen.storyboard */; };
		D0E3C7FF20DCB7AD00314FF9 /* CategoryViewController.swift in Sources */ = {isa = PBXBuildFile; fileRef = D0E3C7FE20DCB7AD00314FF9 /* CategoryViewController.swift */; };
		E9943C1BC7AF9C0C77A3A813 /* Pods_Todoey.framework in Frameworks */ = {isa = PBXBuildFile; fileRef = 76093A047AEAEAA5D9FC97F0 /* Pods_Todoey.framework */; };
/* End PBXBuildFile section */

/* Begin PBXFileReference section */
		0767A48490FC0806AAA842A3 /* Pods-Todoey.release.xcconfig */ = {isa = PBXFileReference; includeInIndex = 1; lastKnownFileType = text.xcconfig; name = "Pods-Todoey.release.xcconfig"; path = "Pods/Target Support Files/Pods-Todoey/Pods-Todoey.release.xcconfig"; sourceTree = "<group>"; };
		609B300A64DD5A4149EE6BDA /* Pods-Todoey.debug.xcconfig */ = {isa = PBXFileReference; includeInIndex = 1; lastKnownFileType = text.xcconfig; name = "Pods-Todoey.debug.xcconfig"; path = "Pods/Target Support Files/Pods-Todoey/Pods-Todoey.debug.xcconfig"; sourceTree = "<group>"; };
		76093A047AEAEAA5D9FC97F0 /* Pods_Todoey.framework */ = {isa = PBXFileReference; explicitFileType = wrapper.framework; includeInIndex = 0; path = Pods_Todoey.framework; sourceTree = BUILT_PRODUCTS_DIR; };
		D02D7C9120DF2C8100F0F44D /* clipboard.png */ = {isa = PBXFileReference; lastKnownFileType = image.png; path = clipboard.png; sourceTree = "<group>"; };
		D02D7C9520DF37BD00F0F44D /* Item.swift */ = {isa = PBXFileReference; lastKnownFileType = sourcecode.swift; path = Item.swift; sourceTree = "<group>"; };
		D02D7C9720DF37C500F0F44D /* Category.swift */ = {isa = PBXFileReference; lastKnownFileType = sourcecode.swift; path = Category.swift; sourceTree = "<group>"; };
		D0E3C7BD20D73E2600314FF9 /* Todoey.app */ = {isa = PBXFileReference; explicitFileType = wrapper.application; includeInIndex = 0; path = Todoey.app; sourceTree = BUILT_PRODUCTS_DIR; };
		D0E3C7C020D73E2600314FF9 /* AppDelegate.swift */ = {isa = PBXFileReference; lastKnownFileType = sourcecode.swift; path = AppDelegate.swift; sourceTree = "<group>"; };
		D0E3C7C220D73E2600314FF9 /* TodoListViewController.swift */ = {isa = PBXFileReference; lastKnownFileType = sourcecode.swift; path = TodoListViewController.swift; sourceTree = "<group>"; };
		D0E3C7C520D73E2600314FF9 /* Base */ = {isa = PBXFileReference; lastKnownFileType = file.storyboard; name = Base; path = Base.lproj/Main.storyboard; sourceTree = "<group>"; };
		D0E3C7C720D73E2A00314FF9 /* Assets.xcassets */ = {isa = PBXFileReference; lastKnownFileType = folder.assetcatalog; path = Assets.xcassets; sourceTree = "<group>"; };
		D0E3C7CA20D73E2A00314FF9 /* Base */ = {isa = PBXFileReference; lastKnownFileType = file.storyboard; name = Base; path = Base.lproj/LaunchScreen.storyboard; sourceTree = "<group>"; };
		D0E3C7CC20D73E2A00314FF9 /* Info.plist */ = {isa = PBXFileReference; lastKnownFileType = text.plist.xml; path = Info.plist; sourceTree = "<group>"; };
		D0E3C7FE20DCB7AD00314FF9 /* CategoryViewController.swift */ = {isa = PBXFileReference; lastKnownFileType = sourcecode.swift; path = CategoryViewController.swift; sourceTree = "<group>"; };
/* End PBXFileReference section */

/* Begin PBXFrameworksBuildPhase section */
		D0E3C7BA20D73E2600314FF9 /* Frameworks */ = {
			isa = PBXFrameworksBuildPhase;
			buildActionMask = 2147483647;
			files = (
				E9943C1BC7AF9C0C77A3A813 /* Pods_Todoey.framework in Frameworks */,
			);
			runOnlyForDeploymentPostprocessing = 0;
		};
/* End PBXFrameworksBuildPhase section */

/* Begin PBXGroup section */
		8E02B83DD2DD9BF0B57E5583 /* Pods */ = {
			isa = PBXGroup;
			children = (
				609B300A64DD5A4149EE6BDA /* Pods-Todoey.debug.xcconfig */,
				0767A48490FC0806AAA842A3 /* Pods-Todoey.release.xcconfig */,
			);
			name = Pods;
			sourceTree = "<group>";
		};
		D0E3C7B420D73E2600314FF9 = {
			isa = PBXGroup;
			children = (
				D0E3C7BF20D73E2600314FF9 /* Todoey */,
				D0E3C7BE20D73E2600314FF9 /* Products */,
				8E02B83DD2DD9BF0B57E5583 /* Pods */,
				D63DC198DF2931ED632FC7A3 /* Frameworks */,
			);
			sourceTree = "<group>";
		};
		D0E3C7BE20D73E2600314FF9 /* Products */ = {
			isa = PBXGroup;
			children = (
				D0E3C7BD20D73E2600314FF9 /* Todoey.app */,
			);
			name = Products;
			sourceTree = "<group>";
		};
		D0E3C7BF20D73E2600314FF9 /* Todoey */ = {
			isa = PBXGroup;
			children = (
				D0E3C7C020D73E2600314FF9 /* AppDelegate.swift */,
				D0E3C7D620D76A6C00314FF9 /* Model */,
				D0E3C7D720D76A7E00314FF9 /* ViewController */,
				D0E3C7D820D76A8B00314FF9 /* View */,
				D0E3C7CC20D73E2A00314FF9 /* Info.plist */,
				D0E3C7D920D76ACB00314FF9 /* Supporting Files */,
			);
			path = Todoey;
			sourceTree = "<group>";
		};
		D0E3C7D620D76A6C00314FF9 /* Model */ = {
			isa = PBXGroup;
			children = (
				D02D7C9520DF37BD00F0F44D /* Item.swift */,
				D02D7C9720DF37C500F0F44D /* Category.swift */,
			);
			path = Model;
			sourceTree = "<group>";
		};
		D0E3C7D720D76A7E00314FF9 /* ViewController */ = {
			isa = PBXGroup;
			children = (
				D0E3C7FE20DCB7AD00314FF9 /* CategoryViewController.swift */,
				D0E3C7C220D73E2600314FF9 /* TodoListViewController.swift */,
			);
			path = ViewController;
			sourceTree = "<group>";
		};
		D0E3C7D820D76A8B00314FF9 /* View */ = {
			isa = PBXGroup;
			children = (
				D0E3C7C420D73E2600314FF9 /* Main.storyboard */,
			);
			path = View;
			sourceTree = "<group>";
		};
		D0E3C7D920D76ACB00314FF9 /* Supporting Files */ = {
			isa = PBXGroup;
			children = (
				D0E3C7C720D73E2A00314FF9 /* Assets.xcassets */,
				D0E3C7C920D73E2A00314FF9 /* LaunchScreen.storyboard */,
				D02D7C9120DF2C8100F0F44D /* clipboard.png */,
			);
			path = "Supporting Files";
			sourceTree = "<group>";
		};
		D63DC198DF2931ED632FC7A3 /* Frameworks */ = {
			isa = PBXGroup;
			children = (
				76093A047AEAEAA5D9FC97F0 /* Pods_Todoey.framework */,
			);
			name = Frameworks;
			sourceTree = "<group>";
		};
/* End PBXGroup section */

/* Begin PBXNativeTarget section */
		D0E3C7BC20D73E2600314FF9 /* Todoey */ = {
			isa = PBXNativeTarget;
			buildConfigurationList = D0E3C7CF20D73E2A00314FF9 /* Build configuration list for PBXNativeTarget "Todoey" */;
			buildPhases = (
				B9636766C2C7A6FE07E527AF /* [CP] Check Pods Manifest.lock */,
				D0E3C7B920D73E2600314FF9 /* Sources */,
				D0E3C7BA20D73E2600314FF9 /* Frameworks */,
				D0E3C7BB20D73E2600314FF9 /* Resources */,
				73447204841AD46AB92B4666 /* [CP] Embed Pods Frameworks */,
			);
			buildRules = (
			);
			dependencies = (
			);
			name = Todoey;
			productName = Todoey;
			productReference = D0E3C7BD20D73E2600314FF9 /* Todoey.app */;
			productType = "com.apple.product-type.application";
		};
/* End PBXNativeTarget section */

/* Begin PBXProject section */
		D0E3C7B520D73E2600314FF9 /* Project object */ = {
			isa = PBXProject;
			attributes = {
				LastSwiftUpdateCheck = 0940;
				LastUpgradeCheck = 0940;
				ORGANIZATIONNAME = "Jorge Lopez de Luna";
				TargetAttributes = {
					D0E3C7BC20D73E2600314FF9 = {
						CreatedOnToolsVersion = 9.4.1;
					};
				};
			};
			buildConfigurationList = D0E3C7B820D73E2600314FF9 /* Build configuration list for PBXProject "Todoey" */;
			compatibilityVersion = "Xcode 9.3";
			developmentRegion = en;
			hasScannedForEncodings = 0;
			knownRegions = (
				en,
				Base,
			);
			mainGroup = D0E3C7B420D73E2600314FF9;
			productRefGroup = D0E3C7BE20D73E2600314FF9 /* Products */;
			projectDirPath = "";
			projectRoot = "";
			targets = (
				D0E3C7BC20D73E2600314FF9 /* Todoey */,
			);
		};
/* End PBXProject section */

/* Begin PBXResourcesBuildPhase section */
		D0E3C7BB20D73E2600314FF9 /* Resources */ = {
			isa = PBXResourcesBuildPhase;
			buildActionMask = 2147483647;
			files = (
				D02D7C9220DF2C8100F0F44D /* clipboard.png in Resources */,
				D0E3C7CB20D73E2A00314FF9 /* LaunchScreen.storyboard in Resources */,
				D0E3C7C820D73E2A00314FF9 /* Assets.xcassets in Resources */,
				D0E3C7C620D73E2600314FF9 /* Main.storyboard in Resources */,
			);
			runOnlyForDeploymentPostprocessing = 0;
		};
/* End PBXResourcesBuildPhase section */

/* Begin PBXShellScriptBuildPhase section */
		73447204841AD46AB92B4666 /* [CP] Embed Pods Frameworks */ = {
			isa = PBXShellScriptBuildPhase;
			buildActionMask = 2147483647;
			files = (
			);
			inputPaths = (
				"${SRCROOT}/Pods/Target Support Files/Pods-Todoey/Pods-Todoey-frameworks.sh",
				"${BUILT_PRODUCTS_DIR}/Realm/Realm.framework",
				"${BUILT_PRODUCTS_DIR}/RealmSwift/RealmSwift.framework",
			);
			name = "[CP] Embed Pods Frameworks";
			outputPaths = (
				"${TARGET_BUILD_DIR}/${FRAMEWORKS_FOLDER_PATH}/Realm.framework",
				"${TARGET_BUILD_DIR}/${FRAMEWORKS_FOLDER_PATH}/RealmSwift.framework",
			);
			runOnlyForDeploymentPostprocessing = 0;
			shellPath = /bin/sh;
			shellScript = "\"${SRCROOT}/Pods/Target Support Files/Pods-Todoey/Pods-Todoey-frameworks.sh\"\n";
			showEnvVarsInLog = 0;
		};
		B9636766C2C7A6FE07E527AF /* [CP] Check Pods Manifest.lock */ = {
			isa = PBXShellScriptBuildPhase;
			buildActionMask = 2147483647;
			files = (
			);
			inputPaths = (
				"${PODS_PODFILE_DIR_PATH}/Podfile.lock",
				"${PODS_ROOT}/Manifest.lock",
			);
			name = "[CP] Check Pods Manifest.lock";
			outputPaths = (
				"$(DERIVED_FILE_DIR)/Pods-Todoey-checkManifestLockResult.txt",
			);
			runOnlyForDeploymentPostprocessing = 0;
			shellPath = /bin/sh;
			shellScript = "diff \"${PODS_PODFILE_DIR_PATH}/Podfile.lock\" \"${PODS_ROOT}/Manifest.lock\" > /dev/null\nif [ $? != 0 ] ; then\n    # print error to STDERR\n    echo \"error: The sandbox is not in sync with the Podfile.lock. Run 'pod install' or update your CocoaPods installation.\" >&2\n    exit 1\nfi\n# This output is used by Xcode 'outputs' to avoid re-running this script phase.\necho \"SUCCESS\" > \"${SCRIPT_OUTPUT_FILE_0}\"\n";
			showEnvVarsInLog = 0;
		};
/* End PBXShellScriptBuildPhase section */

/* Begin PBXSourcesBuildPhase section */
		D0E3C7B920D73E2600314FF9 /* Sources */ = {
			isa = PBXSourcesBuildPhase;
			buildActionMask = 2147483647;
			files = (
				D02D7C9620DF37BD00F0F44D /* Item.swift in Sources */,
				D0E3C7FF20DCB7AD00314FF9 /* CategoryViewController.swift in Sources */,
				D0E3C7C320D73E2600314FF9 /* TodoListViewController.swift in Sources */,
				D0E3C7C120D73E2600314FF9 /* AppDelegate.swift in Sources */,
				D02D7C9820DF37C500F0F44D /* Category.swift in Sources */,
			);
			runOnlyForDeploymentPostprocessing = 0;
		};
/* End PBXSourcesBuildPhase section */

/* Begin PBXVariantGroup section */
		D0E3C7C420D73E2600314FF9 /* Main.storyboard */ = {
			isa = PBXVariantGroup;
			children = (
				D0E3C7C520D73E2600314FF9 /* Base */,
			);
			name = Main.storyboard;
			sourceTree = "<group>";
		};
		D0E3C7C920D73E2A00314FF9 /* LaunchScreen.storyboard */ = {
			isa = PBXVariantGroup;
			children = (
				D0E3C7CA20D73E2A00314FF9 /* Base */,
			);
			name = LaunchScreen.storyboard;
			sourceTree = "<group>";
		};
/* End PBXVariantGroup section */

/* Begin XCBuildConfiguration section */
		D0E3C7CD20D73E2A00314FF9 /* Debug */ = {
			isa = XCBuildConfiguration;
			buildSettings = {
				ALWAYS_SEARCH_USER_PATHS = NO;
				CLANG_ANALYZER_NONNULL = YES;
				CLANG_ANALYZER_NUMBER_OBJECT_CONVERSION = YES_AGGRESSIVE;
				CLANG_CXX_LANGUAGE_STANDARD = "gnu++14";
				CLANG_CXX_LIBRARY = "libc++";
				CLANG_ENABLE_MODULES = YES;
				CLANG_ENABLE_OBJC_ARC = YES;
				CLANG_ENABLE_OBJC_WEAK = YES;
				CLANG_WARN_BLOCK_CAPTURE_AUTORELEASING = YES;
				CLANG_WARN_BOOL_CONVERSION = YES;
				CLANG_WARN_COMMA = YES;
				CLANG_WARN_CONSTANT_CONVERSION = YES;
				CLANG_WARN_DEPRECATED_OBJC_IMPLEMENTATIONS = YES;
				CLANG_WARN_DIRECT_OBJC_ISA_USAGE = YES_ERROR;
				CLANG_WARN_DOCUMENTATION_COMMENTS = YES;
				CLANG_WARN_EMPTY_BODY = YES;
				CLANG_WARN_ENUM_CONVERSION = YES;
				CLANG_WARN_INFINITE_RECURSION = YES;
				CLANG_WARN_INT_CONVERSION = YES;
				CLANG_WARN_NON_LITERAL_NULL_CONVERSION = YES;
				CLANG_WARN_OBJC_IMPLICIT_RETAIN_SELF = YES;
				CLANG_WARN_OBJC_LITERAL_CONVERSION = YES;
				CLANG_WARN_OBJC_ROOT_CLASS = YES_ERROR;
				CLANG_WARN_RANGE_LOOP_ANALYSIS = YES;
				CLANG_WARN_STRICT_PROTOTYPES = YES;
				CLANG_WARN_SUSPICIOUS_MOVE = YES;
				CLANG_WARN_UNGUARDED_AVAILABILITY = YES_AGGRESSIVE;
				CLANG_WARN_UNREACHABLE_CODE = YES;
				CLANG_WARN__DUPLICATE_METHOD_MATCH = YES;
				CODE_SIGN_IDENTITY = "iPhone Developer";
				COPY_PHASE_STRIP = NO;
				DEBUG_INFORMATION_FORMAT = dwarf;
				ENABLE_STRICT_OBJC_MSGSEND = YES;
				ENABLE_TESTABILITY = YES;
				GCC_C_LANGUAGE_STANDARD = gnu11;
				GCC_DYNAMIC_NO_PIC = NO;
				GCC_NO_COMMON_BLOCKS = YES;
				GCC_OPTIMIZATION_LEVEL = 0;
				GCC_PREPROCESSOR_DEFINITIONS = (
					"DEBUG=1",
					"$(inherited)",
				);
				GCC_WARN_64_TO_32_BIT_CONVERSION = YES;
				GCC_WARN_ABOUT_RETURN_TYPE = YES_ERROR;
				GCC_WARN_UNDECLARED_SELECTOR = YES;
				GCC_WARN_UNINITIALIZED_AUTOS = YES_AGGRESSIVE;
				GCC_WARN_UNUSED_FUNCTION = YES;
				GCC_WARN_UNUSED_VARIABLE = YES;
				IPHONEOS_DEPLOYMENT_TARGET = 11.4;
				MTL_ENABLE_DEBUG_INFO = YES;
				ONLY_ACTIVE_ARCH = YES;
				SDKROOT = iphoneos;
				SWIFT_ACTIVE_COMPILATION_CONDITIONS = DEBUG;
				SWIFT_OPTIMIZATION_LEVEL = "-Onone";
			};
			name = Debug;
		};
		D0E3C7CE20D73E2A00314FF9 /* Release */ = {
			isa = XCBuildConfiguration;
			buildSettings = {
				ALWAYS_SEARCH_USER_PATHS = NO;
				CLANG_ANALYZER_NONNULL = YES;
				CLANG_ANALYZER_NUMBER_OBJECT_CONVERSION = YES_AGGRESSIVE;
				CLANG_CXX_LANGUAGE_STANDARD = "gnu++14";
				CLANG_CXX_LIBRARY = "libc++";
				CLANG_ENABLE_MODULES = YES;
				CLANG_ENABLE_OBJC_ARC = YES;
				CLANG_ENABLE_OBJC_WEAK = YES;
				CLANG_WARN_BLOCK_CAPTURE_AUTORELEASING = YES;
				CLANG_WARN_BOOL_CONVERSION = YES;
				CLANG_WARN_COMMA = YES;
				CLANG_WARN_CONSTANT_CONVERSION = YES;
				CLANG_WARN_DEPRECATED_OBJC_IMPLEMENTATIONS = YES;
				CLANG_WARN_DIRECT_OBJC_ISA_USAGE = YES_ERROR;
				CLANG_WARN_DOCUMENTATION_COMMENTS = YES;
				CLANG_WARN_EMPTY_BODY = YES;
				CLANG_WARN_ENUM_CONVERSION = YES;
				CLANG_WARN_INFINITE_RECURSION = YES;
				CLANG_WARN_INT_CONVERSION = YES;
				CLANG_WARN_NON_LITERAL_NULL_CONVERSION = YES;
				CLANG_WARN_OBJC_IMPLICIT_RETAIN_SELF = YES;
				CLANG_WARN_OBJC_LITERAL_CONVERSION = YES;
				CLANG_WARN_OBJC_ROOT_CLASS = YES_ERROR;
				CLANG_WARN_RANGE_LOOP_ANALYSIS = YES;
				CLANG_WARN_STRICT_PROTOTYPES = YES;
				CLANG_WARN_SUSPICIOUS_MOVE = YES;
				CLANG_WARN_UNGUARDED_AVAILABILITY = YES_AGGRESSIVE;
				CLANG_WARN_UNREACHABLE_CODE = YES;
				CLANG_WARN__DUPLICATE_METHOD_MATCH = YES;
				CODE_SIGN_IDENTITY = "iPhone Developer";
				COPY_PHASE_STRIP = NO;
				DEBUG_INFORMATION_FORMAT = "dwarf-with-dsym";
				ENABLE_NS_ASSERTIONS = NO;
				ENABLE_STRICT_OBJC_MSGSEND = YES;
				GCC_C_LANGUAGE_STANDARD = gnu11;
				GCC_NO_COMMON_BLOCKS = YES;
				GCC_WARN_64_TO_32_BIT_CONVERSION = YES;
				GCC_WARN_ABOUT_RETURN_TYPE = YES_ERROR;
				GCC_WARN_UNDECLARED_SELECTOR = YES;
				GCC_WARN_UNINITIALIZED_AUTOS = YES_AGGRESSIVE;
				GCC_WARN_UNUSED_FUNCTION = YES;
				GCC_WARN_UNUSED_VARIABLE = YES;
				IPHONEOS_DEPLOYMENT_TARGET = 11.4;
				MTL_ENABLE_DEBUG_INFO = NO;
				SDKROOT = iphoneos;
				SWIFT_COMPILATION_MODE = wholemodule;
				SWIFT_OPTIMIZATION_LEVEL = "-O";
				VALIDATE_PRODUCT = YES;
			};
			name = Release;
		};
		D0E3C7D020D73E2A00314FF9 /* Debug */ = {
			isa = XCBuildConfiguration;
			baseConfigurationReference = 609B300A64DD5A4149EE6BDA /* Pods-Todoey.debug.xcconfig */;
			buildSettings = {
				ASSETCATALOG_COMPILER_APPICON_NAME = AppIcon;
				CODE_SIGN_STYLE = Automatic;
				DEVELOPMENT_TEAM = UBF8T346G9;
				INFOPLIST_FILE = Todoey/Info.plist;
				LD_RUNPATH_SEARCH_PATHS = (
					"$(inherited)",
					"@executable_path/Frameworks",
				);
				PRODUCT_BUNDLE_IDENTIFIER = com.bluish.jorgel.Todoey;
				PRODUCT_NAME = "$(TARGET_NAME)";
				SWIFT_VERSION = 4.0;
				TARGETED_DEVICE_FAMILY = 1;
			};
			name = Debug;
		};
		D0E3C7D120D73E2A00314FF9 /* Release */ = {
			isa = XCBuildConfiguration;
			baseConfigurationReference = 0767A48490FC0806AAA842A3 /* Pods-Todoey.release.xcconfig */;
			buildSettings = {
				ASSETCATALOG_COMPILER_APPICON_NAME = AppIcon;
				CODE_SIGN_STYLE = Automatic;
				DEVELOPMENT_TEAM = UBF8T346G9;
				INFOPLIST_FILE = Todoey/Info.plist;
				LD_RUNPATH_SEARCH_PATHS = (
					"$(inherited)",
					"@executable_path/Frameworks",
				);
				PRODUCT_BUNDLE_IDENTIFIER = com.bluish.jorgel.Todoey;
				PRODUCT_NAME = "$(TARGET_NAME)";
				SWIFT_VERSION = 4.0;
				TARGETED_DEVICE_FAMILY = 1;
			};
			name = Release;
		};
/* End XCBuildConfiguration section */

/* Begin XCConfigurationList section */
		D0E3C7B820D73E2600314FF9 /* Build configuration list for PBXProject "Todoey" */ = {
			isa = XCConfigurationList;
			buildConfigurations = (
				D0E3C7CD20D73E2A00314FF9 /* Debug */,
				D0E3C7CE20D73E2A00314FF9 /* Release */,
			);
			defaultConfigurationIsVisible = 0;
			defaultConfigurationName = Release;
		};
		D0E3C7CF20D73E2A00314FF9 /* Build configuration list for PBXNativeTarget "Todoey" */ = {
			isa = XCConfigurationList;
			buildConfigurations = (
				D0E3C7D020D73E2A00314FF9 /* Debug */,
				D0E3C7D120D73E2A00314FF9 /* Release */,
			);
			defaultConfigurationIsVisible = 0;
			defaultConfigurationName = Release;
		};
/* End XCConfigurationList section */
	};
	rootObject = D0E3C7B520D73E2600314FF9 /* Project object */;
}
